// !$*UTF8*$!
{
	archiveVersion = 1;
	classes = {
	};
	objectVersion = 50;
	objects = {

/* Begin PBXBuildFile section */
		1D6418C422DAACE900B45F94 /* AppDelegate.swift in Sources */ = {isa = PBXBuildFile; fileRef = 1D6418C322DAACE900B45F94 /* AppDelegate.swift */; };
		1D6418C622DAACE900B45F94 /* AttendeeListController.swift in Sources */ = {isa = PBXBuildFile; fileRef = 1D6418C522DAACE900B45F94 /* AttendeeListController.swift */; };
		1D6418C922DAACE900B45F94 /* Main.storyboard in Resources */ = {isa = PBXBuildFile; fileRef = 1D6418C722DAACE900B45F94 /* Main.storyboard */; };
		1D6418CB22DAACEA00B45F94 /* Assets.xcassets in Resources */ = {isa = PBXBuildFile; fileRef = 1D6418CA22DAACEA00B45F94 /* Assets.xcassets */; };
		1D6418CE22DAACEA00B45F94 /* LaunchScreen.storyboard in Resources */ = {isa = PBXBuildFile; fileRef = 1D6418CC22DAACEA00B45F94 /* LaunchScreen.storyboard */; };
		1D6418D922DAACEA00B45F94 /* BrighterEventsTests.swift in Sources */ = {isa = PBXBuildFile; fileRef = 1D6418D822DAACEA00B45F94 /* BrighterEventsTests.swift */; };
		1D6418E422DAACEA00B45F94 /* BrighterEventsUITests.swift in Sources */ = {isa = PBXBuildFile; fileRef = 1D6418E322DAACEA00B45F94 /* BrighterEventsUITests.swift */; };
		1DB0868622E5195C00B5A69B /* AttendeeListView.swift in Sources */ = {isa = PBXBuildFile; fileRef = 1DB0868522E5195C00B5A69B /* AttendeeListView.swift */; };
		1DB0868822E5197C00B5A69B /* AttendeeViewModel.swift in Sources */ = {isa = PBXBuildFile; fileRef = 1DB0868722E5197C00B5A69B /* AttendeeViewModel.swift */; };
		1DBE39A122F6260700C5EE2D /* AttendeeCell.swift in Sources */ = {isa = PBXBuildFile; fileRef = 1DBE39A022F6260700C5EE2D /* AttendeeCell.swift */; };
/* End PBXBuildFile section */

/* Begin PBXContainerItemProxy section */
		1D6418D522DAACEA00B45F94 /* PBXContainerItemProxy */ = {
			isa = PBXContainerItemProxy;
			containerPortal = 1D6418B822DAACE900B45F94 /* Project object */;
			proxyType = 1;
			remoteGlobalIDString = 1D6418BF22DAACE900B45F94;
			remoteInfo = BrighterEvents;
		};
		1D6418E022DAACEA00B45F94 /* PBXContainerItemProxy */ = {
			isa = PBXContainerItemProxy;
			containerPortal = 1D6418B822DAACE900B45F94 /* Project object */;
			proxyType = 1;
			remoteGlobalIDString = 1D6418BF22DAACE900B45F94;
			remoteInfo = BrighterEvents;
		};
/* End PBXContainerItemProxy section */

/* Begin PBXFileReference section */
		1D6418C022DAACE900B45F94 /* BrighterEvents.app */ = {isa = PBXFileReference; explicitFileType = wrapper.application; includeInIndex = 0; path = BrighterEvents.app; sourceTree = BUILT_PRODUCTS_DIR; };
		1D6418C322DAACE900B45F94 /* AppDelegate.swift */ = {isa = PBXFileReference; lastKnownFileType = sourcecode.swift; path = AppDelegate.swift; sourceTree = "<group>"; };
		1D6418C522DAACE900B45F94 /* AttendeeListController.swift */ = {isa = PBXFileReference; lastKnownFileType = sourcecode.swift; path = AttendeeListController.swift; sourceTree = "<group>"; usesTabs = 0; };
		1D6418C822DAACE900B45F94 /* Base */ = {isa = PBXFileReference; lastKnownFileType = file.storyboard; name = Base; path = Base.lproj/Main.storyboard; sourceTree = "<group>"; };
		1D6418CA22DAACEA00B45F94 /* Assets.xcassets */ = {isa = PBXFileReference; lastKnownFileType = folder.assetcatalog; path = Assets.xcassets; sourceTree = "<group>"; };
		1D6418CD22DAACEA00B45F94 /* Base */ = {isa = PBXFileReference; lastKnownFileType = file.storyboard; name = Base; path = Base.lproj/LaunchScreen.storyboard; sourceTree = "<group>"; };
		1D6418CF22DAACEA00B45F94 /* Info.plist */ = {isa = PBXFileReference; lastKnownFileType = text.plist.xml; path = Info.plist; sourceTree = "<group>"; };
		1D6418D422DAACEA00B45F94 /* BrighterEventsTests.xctest */ = {isa = PBXFileReference; explicitFileType = wrapper.cfbundle; includeInIndex = 0; path = BrighterEventsTests.xctest; sourceTree = BUILT_PRODUCTS_DIR; };
		1D6418D822DAACEA00B45F94 /* BrighterEventsTests.swift */ = {isa = PBXFileReference; lastKnownFileType = sourcecode.swift; path = BrighterEventsTests.swift; sourceTree = "<group>"; };
		1D6418DA22DAACEA00B45F94 /* Info.plist */ = {isa = PBXFileReference; lastKnownFileType = text.plist.xml; path = Info.plist; sourceTree = "<group>"; };
		1D6418DF22DAACEA00B45F94 /* BrighterEventsUITests.xctest */ = {isa = PBXFileReference; explicitFileType = wrapper.cfbundle; includeInIndex = 0; path = BrighterEventsUITests.xctest; sourceTree = BUILT_PRODUCTS_DIR; };
		1D6418E322DAACEA00B45F94 /* BrighterEventsUITests.swift */ = {isa = PBXFileReference; lastKnownFileType = sourcecode.swift; path = BrighterEventsUITests.swift; sourceTree = "<group>"; };
		1D6418E522DAACEA00B45F94 /* Info.plist */ = {isa = PBXFileReference; lastKnownFileType = text.plist.xml; path = Info.plist; sourceTree = "<group>"; };
		1DB0868522E5195C00B5A69B /* AttendeeListView.swift */ = {isa = PBXFileReference; lastKnownFileType = sourcecode.swift; path = AttendeeListView.swift; sourceTree = "<group>"; };
		1DB0868722E5197C00B5A69B /* AttendeeViewModel.swift */ = {isa = PBXFileReference; lastKnownFileType = sourcecode.swift; path = AttendeeViewModel.swift; sourceTree = "<group>"; };
		1DBE39A022F6260700C5EE2D /* AttendeeCell.swift */ = {isa = PBXFileReference; lastKnownFileType = sourcecode.swift; path = AttendeeCell.swift; sourceTree = "<group>"; };
/* End PBXFileReference section */

/* Begin PBXFrameworksBuildPhase section */
		1D6418BD22DAACE900B45F94 /* Frameworks */ = {
			isa = PBXFrameworksBuildPhase;
			buildActionMask = 2147483647;
			files = (
			);
			runOnlyForDeploymentPostprocessing = 0;
		};
		1D6418D122DAACEA00B45F94 /* Frameworks */ = {
			isa = PBXFrameworksBuildPhase;
			buildActionMask = 2147483647;
			files = (
			);
			runOnlyForDeploymentPostprocessing = 0;
		};
		1D6418DC22DAACEA00B45F94 /* Frameworks */ = {
			isa = PBXFrameworksBuildPhase;
			buildActionMask = 2147483647;
			files = (
			);
			runOnlyForDeploymentPostprocessing = 0;
		};
/* End PBXFrameworksBuildPhase section */

/* Begin PBXGroup section */
		1D6418B722DAACE900B45F94 = {
			isa = PBXGroup;
			children = (
				1D6418C222DAACE900B45F94 /* BrighterEvents */,
				1D6418D722DAACEA00B45F94 /* BrighterEventsTests */,
				1D6418E222DAACEA00B45F94 /* BrighterEventsUITests */,
				1D6418C122DAACE900B45F94 /* Products */,
			);
			sourceTree = "<group>";
		};
		1D6418C122DAACE900B45F94 /* Products */ = {
			isa = PBXGroup;
			children = (
				1D6418C022DAACE900B45F94 /* BrighterEvents.app */,
				1D6418D422DAACEA00B45F94 /* BrighterEventsTests.xctest */,
				1D6418DF22DAACEA00B45F94 /* BrighterEventsUITests.xctest */,
			);
			name = Products;
			sourceTree = "<group>";
		};
		1D6418C222DAACE900B45F94 /* BrighterEvents */ = {
			isa = PBXGroup;
			children = (
				1D6418C522DAACE900B45F94 /* AttendeeListController.swift */,
				1DB0868522E5195C00B5A69B /* AttendeeListView.swift */,
				1DB0868722E5197C00B5A69B /* AttendeeViewModel.swift */,
				1DBE39A022F6260700C5EE2D /* AttendeeCell.swift */,
				1D6418C322DAACE900B45F94 /* AppDelegate.swift */,
				1D6418CA22DAACEA00B45F94 /* Assets.xcassets */,
				1D6418CF22DAACEA00B45F94 /* Info.plist */,
				1DB0868422E517EE00B5A69B /* Storyboard */,
			);
			path = BrighterEvents;
			sourceTree = "<group>";
		};
		1D6418D722DAACEA00B45F94 /* BrighterEventsTests */ = {
			isa = PBXGroup;
			children = (
				1D6418D822DAACEA00B45F94 /* BrighterEventsTests.swift */,
				1D6418DA22DAACEA00B45F94 /* Info.plist */,
			);
			path = BrighterEventsTests;
			sourceTree = "<group>";
		};
		1D6418E222DAACEA00B45F94 /* BrighterEventsUITests */ = {
			isa = PBXGroup;
			children = (
				1D6418E322DAACEA00B45F94 /* BrighterEventsUITests.swift */,
				1D6418E522DAACEA00B45F94 /* Info.plist */,
			);
			path = BrighterEventsUITests;
			sourceTree = "<group>";
		};
		1DB0868422E517EE00B5A69B /* Storyboard */ = {
			isa = PBXGroup;
			children = (
				1D6418C722DAACE900B45F94 /* Main.storyboard */,
				1D6418CC22DAACEA00B45F94 /* LaunchScreen.storyboard */,
			);
			path = Storyboard;
			sourceTree = "<group>";
		};
/* End PBXGroup section */

/* Begin PBXNativeTarget section */
		1D6418BF22DAACE900B45F94 /* BrighterEvents */ = {
			isa = PBXNativeTarget;
			buildConfigurationList = 1D6418E822DAACEA00B45F94 /* Build configuration list for PBXNativeTarget "BrighterEvents" */;
			buildPhases = (
				1D6418BC22DAACE900B45F94 /* Sources */,
				1D6418BD22DAACE900B45F94 /* Frameworks */,
				1D6418BE22DAACE900B45F94 /* Resources */,
			);
			buildRules = (
			);
			dependencies = (
			);
			name = BrighterEvents;
			productName = BrighterEvents;
			productReference = 1D6418C022DAACE900B45F94 /* BrighterEvents.app */;
			productType = "com.apple.product-type.application";
		};
		1D6418D322DAACEA00B45F94 /* BrighterEventsTests */ = {
			isa = PBXNativeTarget;
			buildConfigurationList = 1D6418EB22DAACEA00B45F94 /* Build configuration list for PBXNativeTarget "BrighterEventsTests" */;
			buildPhases = (
				1D6418D022DAACEA00B45F94 /* Sources */,
				1D6418D122DAACEA00B45F94 /* Frameworks */,
				1D6418D222DAACEA00B45F94 /* Resources */,
			);
			buildRules = (
			);
			dependencies = (
				1D6418D622DAACEA00B45F94 /* PBXTargetDependency */,
			);
			name = BrighterEventsTests;
			productName = BrighterEventsTests;
			productReference = 1D6418D422DAACEA00B45F94 /* BrighterEventsTests.xctest */;
			productType = "com.apple.product-type.bundle.unit-test";
		};
		1D6418DE22DAACEA00B45F94 /* BrighterEventsUITests */ = {
			isa = PBXNativeTarget;
			buildConfigurationList = 1D6418EE22DAACEA00B45F94 /* Build configuration list for PBXNativeTarget "BrighterEventsUITests" */;
			buildPhases = (
				1D6418DB22DAACEA00B45F94 /* Sources */,
				1D6418DC22DAACEA00B45F94 /* Frameworks */,
				1D6418DD22DAACEA00B45F94 /* Resources */,
			);
			buildRules = (
			);
			dependencies = (
				1D6418E122DAACEA00B45F94 /* PBXTargetDependency */,
			);
			name = BrighterEventsUITests;
			productName = BrighterEventsUITests;
			productReference = 1D6418DF22DAACEA00B45F94 /* BrighterEventsUITests.xctest */;
			productType = "com.apple.product-type.bundle.ui-testing";
		};
/* End PBXNativeTarget section */

/* Begin PBXProject section */
		1D6418B822DAACE900B45F94 /* Project object */ = {
			isa = PBXProject;
			attributes = {
				LastSwiftUpdateCheck = 1020;
				LastUpgradeCheck = 1020;
				ORGANIZATIONNAME = "BrighterEvents Inc";
				TargetAttributes = {
					1D6418BF22DAACE900B45F94 = {
						CreatedOnToolsVersion = 10.2.1;
					};
					1D6418D322DAACEA00B45F94 = {
						CreatedOnToolsVersion = 10.2.1;
						TestTargetID = 1D6418BF22DAACE900B45F94;
					};
					1D6418DE22DAACEA00B45F94 = {
						CreatedOnToolsVersion = 10.2.1;
						TestTargetID = 1D6418BF22DAACE900B45F94;
					};
				};
			};
			buildConfigurationList = 1D6418BB22DAACE900B45F94 /* Build configuration list for PBXProject "BrighterEvents" */;
			compatibilityVersion = "Xcode 9.3";
			developmentRegion = en;
			hasScannedForEncodings = 0;
			knownRegions = (
				en,
				Base,
			);
			mainGroup = 1D6418B722DAACE900B45F94;
			productRefGroup = 1D6418C122DAACE900B45F94 /* Products */;
			projectDirPath = "";
			projectRoot = "";
			targets = (
				1D6418BF22DAACE900B45F94 /* BrighterEvents */,
				1D6418D322DAACEA00B45F94 /* BrighterEventsTests */,
				1D6418DE22DAACEA00B45F94 /* BrighterEventsUITests */,
			);
		};
/* End PBXProject section */

/* Begin PBXResourcesBuildPhase section */
		1D6418BE22DAACE900B45F94 /* Resources */ = {
			isa = PBXResourcesBuildPhase;
			buildActionMask = 2147483647;
			files = (
				1D6418CE22DAACEA00B45F94 /* LaunchScreen.storyboard in Resources */,
				1D6418CB22DAACEA00B45F94 /* Assets.xcassets in Resources */,
				1D6418C922DAACE900B45F94 /* Main.storyboard in Resources */,
			);
			runOnlyForDeploymentPostprocessing = 0;
		};
		1D6418D222DAACEA00B45F94 /* Resources */ = {
			isa = PBXResourcesBuildPhase;
			buildActionMask = 2147483647;
			files = (
			);
			runOnlyForDeploymentPostprocessing = 0;
		};
		1D6418DD22DAACEA00B45F94 /* Resources */ = {
			isa = PBXResourcesBuildPhase;
			buildActionMask = 2147483647;
			files = (
			);
			runOnlyForDeploymentPostprocessing = 0;
		};
/* End PBXResourcesBuildPhase section */

/* Begin PBXSourcesBuildPhase section */
		1D6418BC22DAACE900B45F94 /* Sources */ = {
			isa = PBXSourcesBuildPhase;
			buildActionMask = 2147483647;
			files = (
				1DB0868622E5195C00B5A69B /* AttendeeListView.swift in Sources */,
				1DBE39A122F6260700C5EE2D /* AttendeeCell.swift in Sources */,
				1D6418C622DAACE900B45F94 /* AttendeeListController.swift in Sources */,
				1DB0868822E5197C00B5A69B /* AttendeeViewModel.swift in Sources */,
				1D6418C422DAACE900B45F94 /* AppDelegate.swift in Sources */,
			);
			runOnlyForDeploymentPostprocessing = 0;
		};
		1D6418D022DAACEA00B45F94 /* Sources */ = {
			isa = PBXSourcesBuildPhase;
			buildActionMask = 2147483647;
			files = (
				1D6418D922DAACEA00B45F94 /* BrighterEventsTests.swift in Sources */,
			);
			runOnlyForDeploymentPostprocessing = 0;
		};
		1D6418DB22DAACEA00B45F94 /* Sources */ = {
			isa = PBXSourcesBuildPhase;
			buildActionMask = 2147483647;
			files = (
				1D6418E422DAACEA00B45F94 /* BrighterEventsUITests.swift in Sources */,
			);
			runOnlyForDeploymentPostprocessing = 0;
		};
/* End PBXSourcesBuildPhase section */

/* Begin PBXTargetDependency section */
		1D6418D622DAACEA00B45F94 /* PBXTargetDependency */ = {
			isa = PBXTargetDependency;
			target = 1D6418BF22DAACE900B45F94 /* BrighterEvents */;
			targetProxy = 1D6418D522DAACEA00B45F94 /* PBXContainerItemProxy */;
		};
		1D6418E122DAACEA00B45F94 /* PBXTargetDependency */ = {
			isa = PBXTargetDependency;
			target = 1D6418BF22DAACE900B45F94 /* BrighterEvents */;
			targetProxy = 1D6418E022DAACEA00B45F94 /* PBXContainerItemProxy */;
		};
/* End PBXTargetDependency section */

/* Begin PBXVariantGroup section */
		1D6418C722DAACE900B45F94 /* Main.storyboard */ = {
			isa = PBXVariantGroup;
			children = (
				1D6418C822DAACE900B45F94 /* Base */,
			);
			name = Main.storyboard;
			sourceTree = "<group>";
		};
		1D6418CC22DAACEA00B45F94 /* LaunchScreen.storyboard */ = {
			isa = PBXVariantGroup;
			children = (
				1D6418CD22DAACEA00B45F94 /* Base */,
			);
			name = LaunchScreen.storyboard;
			sourceTree = "<group>";
		};
/* End PBXVariantGroup section */

/* Begin XCBuildConfiguration section */
		1D6418E622DAACEA00B45F94 /* Debug */ = {
			isa = XCBuildConfiguration;
			buildSettings = {
				ALWAYS_SEARCH_USER_PATHS = NO;
				CLANG_ANALYZER_NONNULL = YES;
				CLANG_ANALYZER_NUMBER_OBJECT_CONVERSION = YES_AGGRESSIVE;
				CLANG_CXX_LANGUAGE_STANDARD = "gnu++14";
				CLANG_CXX_LIBRARY = "libc++";
				CLANG_ENABLE_MODULES = YES;
				CLANG_ENABLE_OBJC_ARC = YES;
				CLANG_ENABLE_OBJC_WEAK = YES;
				CLANG_WARN_BLOCK_CAPTURE_AUTORELEASING = YES;
				CLANG_WARN_BOOL_CONVERSION = YES;
				CLANG_WARN_COMMA = YES;
				CLANG_WARN_CONSTANT_CONVERSION = YES;
				CLANG_WARN_DEPRECATED_OBJC_IMPLEMENTATIONS = YES;
				CLANG_WARN_DIRECT_OBJC_ISA_USAGE = YES_ERROR;
				CLANG_WARN_DOCUMENTATION_COMMENTS = YES;
				CLANG_WARN_EMPTY_BODY = YES;
				CLANG_WARN_ENUM_CONVERSION = YES;
				CLANG_WARN_INFINITE_RECURSION = YES;
				CLANG_WARN_INT_CONVERSION = YES;
				CLANG_WARN_NON_LITERAL_NULL_CONVERSION = YES;
				CLANG_WARN_OBJC_IMPLICIT_RETAIN_SELF = YES;
				CLANG_WARN_OBJC_LITERAL_CONVERSION = YES;
				CLANG_WARN_OBJC_ROOT_CLASS = YES_ERROR;
				CLANG_WARN_RANGE_LOOP_ANALYSIS = YES;
				CLANG_WARN_STRICT_PROTOTYPES = YES;
				CLANG_WARN_SUSPICIOUS_MOVE = YES;
				CLANG_WARN_UNGUARDED_AVAILABILITY = YES_AGGRESSIVE;
				CLANG_WARN_UNREACHABLE_CODE = YES;
				CLANG_WARN__DUPLICATE_METHOD_MATCH = YES;
				CODE_SIGN_IDENTITY = "iPhone Developer";
				COPY_PHASE_STRIP = NO;
				DEBUG_INFORMATION_FORMAT = dwarf;
				ENABLE_STRICT_OBJC_MSGSEND = YES;
				ENABLE_TESTABILITY = YES;
				GCC_C_LANGUAGE_STANDARD = gnu11;
				GCC_DYNAMIC_NO_PIC = NO;
				GCC_NO_COMMON_BLOCKS = YES;
				GCC_OPTIMIZATION_LEVEL = 0;
				GCC_PREPROCESSOR_DEFINITIONS = (
					"DEBUG=1",
					"$(inherited)",
				);
				GCC_WARN_64_TO_32_BIT_CONVERSION = YES;
				GCC_WARN_ABOUT_RETURN_TYPE = YES_ERROR;
				GCC_WARN_UNDECLARED_SELECTOR = YES;
				GCC_WARN_UNINITIALIZED_AUTOS = YES_AGGRESSIVE;
				GCC_WARN_UNUSED_FUNCTION = YES;
				GCC_WARN_UNUSED_VARIABLE = YES;
				IPHONEOS_DEPLOYMENT_TARGET = 12.2;
				MTL_ENABLE_DEBUG_INFO = INCLUDE_SOURCE;
				MTL_FAST_MATH = YES;
				ONLY_ACTIVE_ARCH = YES;
				SDKROOT = iphoneos;
				SWIFT_ACTIVE_COMPILATION_CONDITIONS = DEBUG;
				SWIFT_OPTIMIZATION_LEVEL = "-Onone";
			};
			name = Debug;
		};
		1D6418E722DAACEA00B45F94 /* Release */ = {
			isa = XCBuildConfiguration;
			buildSettings = {
				ALWAYS_SEARCH_USER_PATHS = NO;
				CLANG_ANALYZER_NONNULL = YES;
				CLANG_ANALYZER_NUMBER_OBJECT_CONVERSION = YES_AGGRESSIVE;
				CLANG_CXX_LANGUAGE_STANDARD = "gnu++14";
				CLANG_CXX_LIBRARY = "libc++";
				CLANG_ENABLE_MODULES = YES;
				CLANG_ENABLE_OBJC_ARC = YES;
				CLANG_ENABLE_OBJC_WEAK = YES;
				CLANG_WARN_BLOCK_CAPTURE_AUTORELEASING = YES;
				CLANG_WARN_BOOL_CONVERSION = YES;
				CLANG_WARN_COMMA = YES;
				CLANG_WARN_CONSTANT_CONVERSION = YES;
				CLANG_WARN_DEPRECATED_OBJC_IMPLEMENTATIONS = YES;
				CLANG_WARN_DIRECT_OBJC_ISA_USAGE = YES_ERROR;
				CLANG_WARN_DOCUMENTATION_COMMENTS = YES;
				CLANG_WARN_EMPTY_BODY = YES;
				CLANG_WARN_ENUM_CONVERSION = YES;
				CLANG_WARN_INFINITE_RECURSION = YES;
				CLANG_WARN_INT_CONVERSION = YES;
				CLANG_WARN_NON_LITERAL_NULL_CONVERSION = YES;
				CLANG_WARN_OBJC_IMPLICIT_RETAIN_SELF = YES;
				CLANG_WARN_OBJC_LITERAL_CONVERSION = YES;
				CLANG_WARN_OBJC_ROOT_CLASS = YES_ERROR;
				CLANG_WARN_RANGE_LOOP_ANALYSIS = YES;
				CLANG_WARN_STRICT_PROTOTYPES = YES;
				CLANG_WARN_SUSPICIOUS_MOVE = YES;
				CLANG_WARN_UNGUARDED_AVAILABILITY = YES_AGGRESSIVE;
				CLANG_WARN_UNREACHABLE_CODE = YES;
				CLANG_WARN__DUPLICATE_METHOD_MATCH = YES;
				CODE_SIGN_IDENTITY = "iPhone Developer";
				COPY_PHASE_STRIP = NO;
				DEBUG_INFORMATION_FORMAT = "dwarf-with-dsym";
				ENABLE_NS_ASSERTIONS = NO;
				ENABLE_STRICT_OBJC_MSGSEND = YES;
				GCC_C_LANGUAGE_STANDARD = gnu11;
				GCC_NO_COMMON_BLOCKS = YES;
				GCC_WARN_64_TO_32_BIT_CONVERSION = YES;
				GCC_WARN_ABOUT_RETURN_TYPE = YES_ERROR;
				GCC_WARN_UNDECLARED_SELECTOR = YES;
				GCC_WARN_UNINITIALIZED_AUTOS = YES_AGGRESSIVE;
				GCC_WARN_UNUSED_FUNCTION = YES;
				GCC_WARN_UNUSED_VARIABLE = YES;
				IPHONEOS_DEPLOYMENT_TARGET = 12.2;
				MTL_ENABLE_DEBUG_INFO = NO;
				MTL_FAST_MATH = YES;
				SDKROOT = iphoneos;
				SWIFT_COMPILATION_MODE = wholemodule;
				SWIFT_OPTIMIZATION_LEVEL = "-O";
				VALIDATE_PRODUCT = YES;
			};
			name = Release;
		};
		1D6418E922DAACEA00B45F94 /* Debug */ = {
			isa = XCBuildConfiguration;
			buildSettings = {
				ASSETCATALOG_COMPILER_APPICON_NAME = AppIcon;
				CODE_SIGN_STYLE = Automatic;
				DEVELOPMENT_TEAM = G7A887WRR3;
				INFOPLIST_FILE = BrighterEvents/Info.plist;
				LD_RUNPATH_SEARCH_PATHS = (
					"$(inherited)",
					"@executable_path/Frameworks",
				);
				PRODUCT_BUNDLE_IDENTIFIER = BrighterEvents.BrighterEvents;
				PRODUCT_NAME = "$(TARGET_NAME)";
				SWIFT_VERSION = 5.0;
				TARGETED_DEVICE_FAMILY = "1,2";
			};
			name = Debug;
		};
		1D6418EA22DAACEA00B45F94 /* Release */ = {
			isa = XCBuildConfiguration;
			buildSettings = {
				ASSETCATALOG_COMPILER_APPICON_NAME = AppIcon;
				CODE_SIGN_STYLE = Automatic;
				DEVELOPMENT_TEAM = G7A887WRR3;
				INFOPLIST_FILE = BrighterEvents/Info.plist;
				LD_RUNPATH_SEARCH_PATHS = (
					"$(inherited)",
					"@executable_path/Frameworks",
				);
				PRODUCT_BUNDLE_IDENTIFIER = BrighterEvents.BrighterEvents;
				PRODUCT_NAME = "$(TARGET_NAME)";
				SWIFT_VERSION = 5.0;
				TARGETED_DEVICE_FAMILY = "1,2";
			};
			name = Release;
		};
		1D6418EC22DAACEA00B45F94 /* Debug */ = {
			isa = XCBuildConfiguration;
			buildSettings = {
				ALWAYS_EMBED_SWIFT_STANDARD_LIBRARIES = YES;
				BUNDLE_LOADER = "$(TEST_HOST)";
				CODE_SIGN_STYLE = Automatic;
				DEVELOPMENT_TEAM = G7A887WRR3;
				INFOPLIST_FILE = BrighterEventsTests/Info.plist;
				LD_RUNPATH_SEARCH_PATHS = (
					"$(inherited)",
					"@executable_path/Frameworks",
					"@loader_path/Frameworks",
				);
				PRODUCT_BUNDLE_IDENTIFIER = BrighterEvents.BrighterEventsTests;
				PRODUCT_NAME = "$(TARGET_NAME)";
				SWIFT_VERSION = 5.0;
				TARGETED_DEVICE_FAMILY = "1,2";
				TEST_HOST = "$(BUILT_PRODUCTS_DIR)/BrighterEvents.app/BrighterEvents";
			};
			name = Debug;
		};
		1D6418ED22DAACEA00B45F94 /* Release */ = {
			isa = XCBuildConfiguration;
			buildSettings = {
				ALWAYS_EMBED_SWIFT_STANDARD_LIBRARIES = YES;
				BUNDLE_LOADER = "$(TEST_HOST)";
				CODE_SIGN_STYLE = Automatic;
				DEVELOPMENT_TEAM = G7A887WRR3;
				INFOPLIST_FILE = BrighterEventsTests/Info.plist;
				LD_RUNPATH_SEARCH_PATHS = (
					"$(inherited)",
					"@executable_path/Frameworks",
					"@loader_path/Frameworks",
				);
				PRODUCT_BUNDLE_IDENTIFIER = BrighterEvents.BrighterEventsTests;
				PRODUCT_NAME = "$(TARGET_NAME)";
				SWIFT_VERSION = 5.0;
				TARGETED_DEVICE_FAMILY = "1,2";
				TEST_HOST = "$(BUILT_PRODUCTS_DIR)/BrighterEvents.app/BrighterEvents";
			};
			name = Release;
		};
		1D6418EF22DAACEA00B45F94 /* Debug */ = {
			isa = XCBuildConfiguration;
			buildSettings = {
				ALWAYS_EMBED_SWIFT_STANDARD_LIBRARIES = YES;
				CODE_SIGN_STYLE = Automatic;
				DEVELOPMENT_TEAM = G7A887WRR3;
				INFOPLIST_FILE = BrighterEventsUITests/Info.plist;
				LD_RUNPATH_SEARCH_PATHS = (
					"$(inherited)",
					"@executable_path/Frameworks",
					"@loader_path/Frameworks",
				);
				PRODUCT_BUNDLE_IDENTIFIER = BrighterEvents.BrighterEventsUITests;
				PRODUCT_NAME = "$(TARGET_NAME)";
				SWIFT_VERSION = 5.0;
				TARGETED_DEVICE_FAMILY = "1,2";
				TEST_TARGET_NAME = BrighterEvents;
			};
			name = Debug;
		};
		1D6418F022DAACEA00B45F94 /* Release */ = {
			isa = XCBuildConfiguration;
			buildSettings = {
				ALWAYS_EMBED_SWIFT_STANDARD_LIBRARIES = YES;
				CODE_SIGN_STYLE = Automatic;
				DEVELOPMENT_TEAM = G7A887WRR3;
				INFOPLIST_FILE = BrighterEventsUITests/Info.plist;
				LD_RUNPATH_SEARCH_PATHS = (
					"$(inherited)",
					"@executable_path/Frameworks",
					"@loader_path/Frameworks",
				);
				PRODUCT_BUNDLE_IDENTIFIER = BrighterEvents.BrighterEventsUITests;
				PRODUCT_NAME = "$(TARGET_NAME)";
				SWIFT_VERSION = 5.0;
				TARGETED_DEVICE_FAMILY = "1,2";
				TEST_TARGET_NAME = BrighterEvents;
			};
			name = Release;
		};
/* End XCBuildConfiguration section */

/* Begin XCConfigurationList section */
		1D6418BB22DAACE900B45F94 /* Build configuration list for PBXProject "BrighterEvents" */ = {
			isa = XCConfigurationList;
			buildConfigurations = (
				1D6418E622DAACEA00B45F94 /* Debug */,
				1D6418E722DAACEA00B45F94 /* Release */,
			);
			defaultConfigurationIsVisible = 0;
			defaultConfigurationName = Release;
		};
		1D6418E822DAACEA00B45F94 /* Build configuration list for PBXNativeTarget "BrighterEvents" */ = {
			isa = XCConfigurationList;
			buildConfigurations = (
				1D6418E922DAACEA00B45F94 /* Debug */,
				1D6418EA22DAACEA00B45F94 /* Release */,
			);
			defaultConfigurationIsVisible = 0;
			defaultConfigurationName = Release;
		};
		1D6418EB22DAACEA00B45F94 /* Build configuration list for PBXNativeTarget "BrighterEventsTests" */ = {
			isa = XCConfigurationList;
			buildConfigurations = (
				1D6418EC22DAACEA00B45F94 /* Debug */,
				1D6418ED22DAACEA00B45F94 /* Release */,
			);
			defaultConfigurationIsVisible = 0;
			defaultConfigurationName = Release;
		};
		1D6418EE22DAACEA00B45F94 /* Build configuration list for PBXNativeTarget "BrighterEventsUITests" */ = {
			isa = XCConfigurationList;
			buildConfigurations = (
				1D6418EF22DAACEA00B45F94 /* Debug */,
				1D6418F022DAACEA00B45F94 /* Release */,
			);
			defaultConfigurationIsVisible = 0;
			defaultConfigurationName = Release;
		};
/* End XCConfigurationList section */
	};
	rootObject = 1D6418B822DAACE900B45F94 /* Project object */;
}
